
Microsoft Visual Studio Solution File, Format Version 12.00
# Visual Studio Version 16
VisualStudioVersion = 16.0.30611.23
MinimumVisualStudioVersion = 10.0.40219.1
Project("{FAE04EC0-301F-11D3-BF4B-00C04F79EFBC}") = "Epam_Task7", "Epam_Task7\Epam_Task7.csproj", "{923CEDE7-5051-4B5C-A5C8-F26B7DF89E6F}"
EndProject
Project("{00D1A9C2-B5F0-4AF3-8072-F6C62B433612}") = "Students", "Students\Students.sqlproj", "{B7C84693-4CE2-4631-B87A-0E1EF3ACDB8F}"
EndProject
Project("{FAE04EC0-301F-11D3-BF4B-00C04F79EFBC}") = "Test", "Test\Test.csproj", "{4B2E035C-76B0-4317-910B-C76262893D53}"
EndProject
Global
	GlobalSection(SolutionConfigurationPlatforms) = preSolution
		Debug|Any CPU = Debug|Any CPU
		Release|Any CPU = Release|Any CPU
	EndGlobalSection
	GlobalSection(ProjectConfigurationPlatforms) = postSolution
		{923CEDE7-5051-4B5C-A5C8-F26B7DF89E6F}.Debug|Any CPU.ActiveCfg = Debug|Any CPU
		{923CEDE7-5051-4B5C-A5C8-F26B7DF89E6F}.Debug|Any CPU.Build.0 = Debug|Any CPU
		{923CEDE7-5051-4B5C-A5C8-F26B7DF89E6F}.Release|Any CPU.ActiveCfg = Release|Any CPU
		{923CEDE7-5051-4B5C-A5C8-F26B7DF89E6F}.Release|Any CPU.Build.0 = Release|Any CPU
		{B7C84693-4CE2-4631-B87A-0E1EF3ACDB8F}.Debug|Any CPU.ActiveCfg = Debug|Any CPU
		{B7C84693-4CE2-4631-B87A-0E1EF3ACDB8F}.Debug|Any CPU.Build.0 = Debug|Any CPU
		{B7C84693-4CE2-4631-B87A-0E1EF3ACDB8F}.Debug|Any CPU.Deploy.0 = Debug|Any CPU
		{B7C84693-4CE2-4631-B87A-0E1EF3ACDB8F}.Release|Any CPU.ActiveCfg = Release|Any CPU
		{B7C84693-4CE2-4631-B87A-0E1EF3ACDB8F}.Release|Any CPU.Build.0 = Release|Any CPU
		{B7C84693-4CE2-4631-B87A-0E1EF3ACDB8F}.Release|Any CPU.Deploy.0 = Release|Any CPU
		{4B2E035C-76B0-4317-910B-C76262893D53}.Debug|Any CPU.ActiveCfg = Debug|Any CPU
		{4B2E035C-76B0-4317-910B-C76262893D53}.Debug|Any CPU.Build.0 = Debug|Any CPU
		{4B2E035C-76B0-4317-910B-C76262893D53}.Release|Any CPU.ActiveCfg = Release|Any CPU
		{4B2E035C-76B0-4317-910B-C76262893D53}.Release|Any CPU.Build.0 = Release|Any CPU
	EndGlobalSection
	GlobalSection(SolutionProperties) = preSolution
		HideSolutionNode = FALSE
	EndGlobalSection
	GlobalSection(ExtensibilityGlobals) = postSolution
		SolutionGuid = {CD633A20-5BFB-4A0C-B656-B3F4A39EF0F5}
	EndGlobalSection
EndGlobal
